// !$*UTF8*$!
{
	archiveVersion = 1;
	classes = {
	};
	objectVersion = 56;
	objects = {

/* Begin PBXBuildFile section */
		9FD45595FEF3C407624692AA /* Pods_Salud.framework in Frameworks */ = {isa = PBXBuildFile; fileRef = 9E33CB13F90CB213D10E9BF0 /* Pods_Salud.framework */; };
		B71FBF002B1B918F00547DEE /* EditPerfilViewController.xib in Resources */ = {isa = PBXBuildFile; fileRef = B71FBEFF2B1B918F00547DEE /* EditPerfilViewController.xib */; };
		B71FBF022B1B943500547DEE /* EditPerfilViewController.swift in Sources */ = {isa = PBXBuildFile; fileRef = B71FBF012B1B943500547DEE /* EditPerfilViewController.swift */; };
		B71FBF052B1B9AA100547DEE /* MedicamentoInfoViewController.swift in Sources */ = {isa = PBXBuildFile; fileRef = B71FBF032B1B9AA100547DEE /* MedicamentoInfoViewController.swift */; };
		B71FBF062B1B9AA100547DEE /* MedicamentoInfoViewController.xib in Resources */ = {isa = PBXBuildFile; fileRef = B71FBF042B1B9AA100547DEE /* MedicamentoInfoViewController.xib */; };
		B71FBF0C2B1BBA2E00547DEE /* EditUserStruct.swift in Sources */ = {isa = PBXBuildFile; fileRef = B71FBF0B2B1BBA2E00547DEE /* EditUserStruct.swift */; };
		B71FBF102B1BBAF000547DEE /* SuccessUpdateUser.swift in Sources */ = {isa = PBXBuildFile; fileRef = B71FBF0F2B1BBAF000547DEE /* SuccessUpdateUser.swift */; };
		B7421DF52B1BAE9E00E8654C /* PagoViewController.swift in Sources */ = {isa = PBXBuildFile; fileRef = B7421DF32B1BAE9E00E8654C /* PagoViewController.swift */; };
		B7421DF62B1BAE9E00E8654C /* PagoViewController.xib in Resources */ = {isa = PBXBuildFile; fileRef = B7421DF42B1BAE9E00E8654C /* PagoViewController.xib */; };
		B743C3A42B15533A002A4A38 /* AppDelegate.swift in Sources */ = {isa = PBXBuildFile; fileRef = B743C3A32B15533A002A4A38 /* AppDelegate.swift */; };
		B743C3A62B15533A002A4A38 /* SceneDelegate.swift in Sources */ = {isa = PBXBuildFile; fileRef = B743C3A52B15533A002A4A38 /* SceneDelegate.swift */; };
		B743C3A82B15533A002A4A38 /* AuthViewController.swift in Sources */ = {isa = PBXBuildFile; fileRef = B743C3A72B15533A002A4A38 /* AuthViewController.swift */; };
		B743C3AB2B15533A002A4A38 /* Main.storyboard in Resources */ = {isa = PBXBuildFile; fileRef = B743C3A92B15533A002A4A38 /* Main.storyboard */; };
		B743C3AE2B15533A002A4A38 /* Salud.xcdatamodeld in Sources */ = {isa = PBXBuildFile; fileRef = B743C3AC2B15533A002A4A38 /* Salud.xcdatamodeld */; };
		B743C3B02B15533B002A4A38 /* Assets.xcassets in Resources */ = {isa = PBXBuildFile; fileRef = B743C3AF2B15533B002A4A38 /* Assets.xcassets */; };
		B743C3B32B15533B002A4A38 /* LaunchScreen.storyboard in Resources */ = {isa = PBXBuildFile; fileRef = B743C3B12B15533B002A4A38 /* LaunchScreen.storyboard */; };
		B743C3BD2B156A59002A4A38 /* HomeViewController.swift in Sources */ = {isa = PBXBuildFile; fileRef = B743C3BC2B156A59002A4A38 /* HomeViewController.swift */; };
		B743C3BF2B158E40002A4A38 /* HomeViewController.xib in Resources */ = {isa = PBXBuildFile; fileRef = B743C3BE2B158E40002A4A38 /* HomeViewController.xib */; };
		B745D6812B16F8840001CBAE /* Medicamento.swift in Sources */ = {isa = PBXBuildFile; fileRef = B745D6802B16F8840001CBAE /* Medicamento.swift */; };
		B745D6862B174BCD0001CBAE /* RegisterUserStruct.swift in Sources */ = {isa = PBXBuildFile; fileRef = B745D6852B174BCD0001CBAE /* RegisterUserStruct.swift */; };
		B745D6882B174E010001CBAE /* SuccesRegisterUser.swift in Sources */ = {isa = PBXBuildFile; fileRef = B745D6872B174E010001CBAE /* SuccesRegisterUser.swift */; };
		B7E8F3392B1AC1EE0087740D /* GoogleService-Info.plist in Resources */ = {isa = PBXBuildFile; fileRef = B7E8F3382B1AC1EE0087740D /* GoogleService-Info.plist */; };
		B7E8F3412B1ADA150087740D /* GetUserStruct.swift in Sources */ = {isa = PBXBuildFile; fileRef = B7E8F3402B1ADA150087740D /* GetUserStruct.swift */; };
		B7E8F3432B1ADA480087740D /* SuccessGetUser.swift in Sources */ = {isa = PBXBuildFile; fileRef = B7E8F3422B1ADA480087740D /* SuccessGetUser.swift */; };
		B7EAC5212B180A9A0025240F /* PerfilViewController.xib in Resources */ = {isa = PBXBuildFile; fileRef = B7EAC5202B180A9A0025240F /* PerfilViewController.xib */; };
		B7EAC5232B180AD80025240F /* PerfilViewController.swift in Sources */ = {isa = PBXBuildFile; fileRef = B7EAC5222B180AD80025240F /* PerfilViewController.swift */; };
		B7EAC5252B1817310025240F /* TiendaViewController.xib in Resources */ = {isa = PBXBuildFile; fileRef = B7EAC5242B1817310025240F /* TiendaViewController.xib */; };
		B7EAC5272B1818010025240F /* TiendaViewController.swift in Sources */ = {isa = PBXBuildFile; fileRef = B7EAC5262B1818010025240F /* TiendaViewController.swift */; };
		B7EAC52A2B1841C80025240F /* MyCustomCollectionViewCell.swift in Sources */ = {isa = PBXBuildFile; fileRef = B7EAC5282B1841C80025240F /* MyCustomCollectionViewCell.swift */; };
		B7EAC52B2B1841C80025240F /* MyCustomCollectionViewCell.xib in Resources */ = {isa = PBXBuildFile; fileRef = B7EAC5292B1841C80025240F /* MyCustomCollectionViewCell.xib */; };
		B7EAC52D2B187BFD0025240F /* SuccessListMedicamento.swift in Sources */ = {isa = PBXBuildFile; fileRef = B7EAC52C2B187BFD0025240F /* SuccessListMedicamento.swift */; };
/* End PBXBuildFile section */

/* Begin PBXFileReference section */
		9E33CB13F90CB213D10E9BF0 /* Pods_Salud.framework */ = {isa = PBXFileReference; explicitFileType = wrapper.framework; includeInIndex = 0; path = Pods_Salud.framework; sourceTree = BUILT_PRODUCTS_DIR; };
		ABDA659AA0C15E2A0DF319BE /* Pods-Salud.debug.xcconfig */ = {isa = PBXFileReference; includeInIndex = 1; lastKnownFileType = text.xcconfig; name = "Pods-Salud.debug.xcconfig"; path = "Target Support Files/Pods-Salud/Pods-Salud.debug.xcconfig"; sourceTree = "<group>"; };
		AC8D4B0D09A9F23E4A53EEE4 /* Pods-Salud.release.xcconfig */ = {isa = PBXFileReference; includeInIndex = 1; lastKnownFileType = text.xcconfig; name = "Pods-Salud.release.xcconfig"; path = "Target Support Files/Pods-Salud/Pods-Salud.release.xcconfig"; sourceTree = "<group>"; };
		B71FBEFF2B1B918F00547DEE /* EditPerfilViewController.xib */ = {isa = PBXFileReference; lastKnownFileType = file.xib; path = EditPerfilViewController.xib; sourceTree = "<group>"; };
		B71FBF012B1B943500547DEE /* EditPerfilViewController.swift */ = {isa = PBXFileReference; lastKnownFileType = sourcecode.swift; path = EditPerfilViewController.swift; sourceTree = "<group>"; };
		B71FBF032B1B9AA100547DEE /* MedicamentoInfoViewController.swift */ = {isa = PBXFileReference; lastKnownFileType = sourcecode.swift; path = MedicamentoInfoViewController.swift; sourceTree = "<group>"; };
		B71FBF042B1B9AA100547DEE /* MedicamentoInfoViewController.xib */ = {isa = PBXFileReference; lastKnownFileType = file.xib; path = MedicamentoInfoViewController.xib; sourceTree = "<group>"; };
		B71FBF0B2B1BBA2E00547DEE /* EditUserStruct.swift */ = {isa = PBXFileReference; lastKnownFileType = sourcecode.swift; path = EditUserStruct.swift; sourceTree = "<group>"; };
		B71FBF0F2B1BBAF000547DEE /* SuccessUpdateUser.swift */ = {isa = PBXFileReference; lastKnownFileType = sourcecode.swift; path = SuccessUpdateUser.swift; sourceTree = "<group>"; };
		B7421DF32B1BAE9E00E8654C /* PagoViewController.swift */ = {isa = PBXFileReference; lastKnownFileType = sourcecode.swift; path = PagoViewController.swift; sourceTree = "<group>"; };
		B7421DF42B1BAE9E00E8654C /* PagoViewController.xib */ = {isa = PBXFileReference; lastKnownFileType = file.xib; path = PagoViewController.xib; sourceTree = "<group>"; };
		B743C3A02B15533A002A4A38 /* Salud.app */ = {isa = PBXFileReference; explicitFileType = wrapper.application; includeInIndex = 0; path = Salud.app; sourceTree = BUILT_PRODUCTS_DIR; };
		B743C3A32B15533A002A4A38 /* AppDelegate.swift */ = {isa = PBXFileReference; lastKnownFileType = sourcecode.swift; path = AppDelegate.swift; sourceTree = "<group>"; };
		B743C3A52B15533A002A4A38 /* SceneDelegate.swift */ = {isa = PBXFileReference; lastKnownFileType = sourcecode.swift; path = SceneDelegate.swift; sourceTree = "<group>"; };
		B743C3A72B15533A002A4A38 /* AuthViewController.swift */ = {isa = PBXFileReference; lastKnownFileType = sourcecode.swift; path = AuthViewController.swift; sourceTree = "<group>"; };
		B743C3AA2B15533A002A4A38 /* Base */ = {isa = PBXFileReference; lastKnownFileType = file.storyboard; name = Base; path = Base.lproj/Main.storyboard; sourceTree = "<group>"; };
		B743C3AD2B15533A002A4A38 /* Salud.xcdatamodel */ = {isa = PBXFileReference; lastKnownFileType = wrapper.xcdatamodel; path = Salud.xcdatamodel; sourceTree = "<group>"; };
		B743C3AF2B15533B002A4A38 /* Assets.xcassets */ = {isa = PBXFileReference; lastKnownFileType = folder.assetcatalog; path = Assets.xcassets; sourceTree = "<group>"; };
		B743C3B22B15533B002A4A38 /* Base */ = {isa = PBXFileReference; lastKnownFileType = file.storyboard; name = Base; path = Base.lproj/LaunchScreen.storyboard; sourceTree = "<group>"; };
		B743C3B42B15533B002A4A38 /* Info.plist */ = {isa = PBXFileReference; lastKnownFileType = text.plist.xml; path = Info.plist; sourceTree = "<group>"; };
		B743C3BC2B156A59002A4A38 /* HomeViewController.swift */ = {isa = PBXFileReference; lastKnownFileType = sourcecode.swift; path = HomeViewController.swift; sourceTree = "<group>"; };
		B743C3BE2B158E40002A4A38 /* HomeViewController.xib */ = {isa = PBXFileReference; lastKnownFileType = file.xib; path = HomeViewController.xib; sourceTree = "<group>"; };
		B745D6802B16F8840001CBAE /* Medicamento.swift */ = {isa = PBXFileReference; lastKnownFileType = sourcecode.swift; path = Medicamento.swift; sourceTree = "<group>"; };
		B745D6852B174BCD0001CBAE /* RegisterUserStruct.swift */ = {isa = PBXFileReference; lastKnownFileType = sourcecode.swift; path = RegisterUserStruct.swift; sourceTree = "<group>"; };
		B745D6872B174E010001CBAE /* SuccesRegisterUser.swift */ = {isa = PBXFileReference; lastKnownFileType = sourcecode.swift; path = SuccesRegisterUser.swift; sourceTree = "<group>"; };
		B7E8F3382B1AC1EE0087740D /* GoogleService-Info.plist */ = {isa = PBXFileReference; fileEncoding = 4; lastKnownFileType = text.plist.xml; name = "GoogleService-Info.plist"; path = "../../../../Downloads/GoogleService-Info.plist"; sourceTree = "<group>"; };
		B7E8F3402B1ADA150087740D /* GetUserStruct.swift */ = {isa = PBXFileReference; lastKnownFileType = sourcecode.swift; path = GetUserStruct.swift; sourceTree = "<group>"; };
		B7E8F3422B1ADA480087740D /* SuccessGetUser.swift */ = {isa = PBXFileReference; lastKnownFileType = sourcecode.swift; path = SuccessGetUser.swift; sourceTree = "<group>"; };
		B7EAC5202B180A9A0025240F /* PerfilViewController.xib */ = {isa = PBXFileReference; lastKnownFileType = file.xib; path = PerfilViewController.xib; sourceTree = "<group>"; };
		B7EAC5222B180AD80025240F /* PerfilViewController.swift */ = {isa = PBXFileReference; lastKnownFileType = sourcecode.swift; path = PerfilViewController.swift; sourceTree = "<group>"; };
		B7EAC5242B1817310025240F /* TiendaViewController.xib */ = {isa = PBXFileReference; lastKnownFileType = file.xib; path = TiendaViewController.xib; sourceTree = "<group>"; };
		B7EAC5262B1818010025240F /* TiendaViewController.swift */ = {isa = PBXFileReference; lastKnownFileType = sourcecode.swift; path = TiendaViewController.swift; sourceTree = "<group>"; };
		B7EAC5282B1841C80025240F /* MyCustomCollectionViewCell.swift */ = {isa = PBXFileReference; lastKnownFileType = sourcecode.swift; path = MyCustomCollectionViewCell.swift; sourceTree = "<group>"; };
		B7EAC5292B1841C80025240F /* MyCustomCollectionViewCell.xib */ = {isa = PBXFileReference; lastKnownFileType = file.xib; path = MyCustomCollectionViewCell.xib; sourceTree = "<group>"; };
		B7EAC52C2B187BFD0025240F /* SuccessListMedicamento.swift */ = {isa = PBXFileReference; lastKnownFileType = sourcecode.swift; path = SuccessListMedicamento.swift; sourceTree = "<group>"; };
/* End PBXFileReference section */

/* Begin PBXFrameworksBuildPhase section */
		B743C39D2B15533A002A4A38 /* Frameworks */ = {
			isa = PBXFrameworksBuildPhase;
			buildActionMask = 2147483647;
			files = (
				9FD45595FEF3C407624692AA /* Pods_Salud.framework in Frameworks */,
			);
			runOnlyForDeploymentPostprocessing = 0;
		};
/* End PBXFrameworksBuildPhase section */

/* Begin PBXGroup section */
		63522713CDB510F4451B43D0 /* Frameworks */ = {
			isa = PBXGroup;
			children = (
				9E33CB13F90CB213D10E9BF0 /* Pods_Salud.framework */,
			);
			name = Frameworks;
			sourceTree = "<group>";
		};
		B743C3972B15533A002A4A38 = {
			isa = PBXGroup;
			children = (
				B745D6832B174ADD0001CBAE /* Response */,
				B745D6822B174ABB0001CBAE /* Request */,
				63522713CDB510F4451B43D0 /* Frameworks */,
				B745D67F2B16F5EC0001CBAE /* Medicamentos */,
				B881E1CAEAE35FAEAFB33985 /* Pods */,
				B743C3A12B15533A002A4A38 /* Products */,
				B743C3A22B15533A002A4A38 /* Salud */,
			);
			sourceTree = "<group>";
		};
		B743C3A12B15533A002A4A38 /* Products */ = {
			isa = PBXGroup;
			children = (
				B743C3A02B15533A002A4A38 /* Salud.app */,
			);
			name = Products;
			sourceTree = "<group>";
		};
		B743C3A22B15533A002A4A38 /* Salud */ = {
			isa = PBXGroup;
			children = (
				B7E8F3382B1AC1EE0087740D /* GoogleService-Info.plist */,
				B743C3A32B15533A002A4A38 /* AppDelegate.swift */,
				B743C3A52B15533A002A4A38 /* SceneDelegate.swift */,
				B743C3A72B15533A002A4A38 /* AuthViewController.swift */,
				B743C3A92B15533A002A4A38 /* Main.storyboard */,
				B743C3AF2B15533B002A4A38 /* Assets.xcassets */,
				B743C3B12B15533B002A4A38 /* LaunchScreen.storyboard */,
				B743C3B42B15533B002A4A38 /* Info.plist */,
				B743C3AC2B15533A002A4A38 /* Salud.xcdatamodeld */,
				B743C3BC2B156A59002A4A38 /* HomeViewController.swift */,
				B743C3BE2B158E40002A4A38 /* HomeViewController.xib */,
				B7EAC5202B180A9A0025240F /* PerfilViewController.xib */,
				B7EAC5222B180AD80025240F /* PerfilViewController.swift */,
				B7EAC5242B1817310025240F /* TiendaViewController.xib */,
				B7EAC5262B1818010025240F /* TiendaViewController.swift */,
				B7EAC5282B1841C80025240F /* MyCustomCollectionViewCell.swift */,
				B7EAC5292B1841C80025240F /* MyCustomCollectionViewCell.xib */,
				B71FBEFF2B1B918F00547DEE /* EditPerfilViewController.xib */,
				B71FBF012B1B943500547DEE /* EditPerfilViewController.swift */,
				B71FBF032B1B9AA100547DEE /* MedicamentoInfoViewController.swift */,
				B71FBF042B1B9AA100547DEE /* MedicamentoInfoViewController.xib */,
				B7421DF32B1BAE9E00E8654C /* PagoViewController.swift */,
				B7421DF42B1BAE9E00E8654C /* PagoViewController.xib */,
			);
			path = Salud;
			sourceTree = "<group>";
		};
		B745D67F2B16F5EC0001CBAE /* Medicamentos */ = {
			isa = PBXGroup;
			children = (
				B745D6802B16F8840001CBAE /* Medicamento.swift */,
			);
			path = Medicamentos;
			sourceTree = "<group>";
		};
		B745D6822B174ABB0001CBAE /* Request */ = {
			isa = PBXGroup;
			children = (
				B745D6852B174BCD0001CBAE /* RegisterUserStruct.swift */,
				B7E8F3402B1ADA150087740D /* GetUserStruct.swift */,
				B71FBF0B2B1BBA2E00547DEE /* EditUserStruct.swift */,
			);
			path = Request;
			sourceTree = "<group>";
		};
		B745D6832B174ADD0001CBAE /* Response */ = {
			isa = PBXGroup;
			children = (
				B745D6872B174E010001CBAE /* SuccesRegisterUser.swift */,
				B7EAC52C2B187BFD0025240F /* SuccessListMedicamento.swift */,
				B7E8F3422B1ADA480087740D /* SuccessGetUser.swift */,
				B71FBF0F2B1BBAF000547DEE /* SuccessUpdateUser.swift */,
			);
			path = Response;
			sourceTree = "<group>";
		};
		B881E1CAEAE35FAEAFB33985 /* Pods */ = {
			isa = PBXGroup;
			children = (
				ABDA659AA0C15E2A0DF319BE /* Pods-Salud.debug.xcconfig */,
				AC8D4B0D09A9F23E4A53EEE4 /* Pods-Salud.release.xcconfig */,
			);
			path = Pods;
			sourceTree = "<group>";
		};
/* End PBXGroup section */

/* Begin PBXNativeTarget section */
		B743C39F2B15533A002A4A38 /* Salud */ = {
			isa = PBXNativeTarget;
			buildConfigurationList = B743C3B72B15533B002A4A38 /* Build configuration list for PBXNativeTarget "Salud" */;
			buildPhases = (
				5913D5F40ABF750D149A86FB /* [CP] Check Pods Manifest.lock */,
				B743C39C2B15533A002A4A38 /* Sources */,
				B743C39D2B15533A002A4A38 /* Frameworks */,
				B743C39E2B15533A002A4A38 /* Resources */,
				147EA2F6CAA98E223DC9790B /* [CP] Embed Pods Frameworks */,
			);
			buildRules = (
			);
			dependencies = (
			);
			name = Salud;
			productName = Salud;
			productReference = B743C3A02B15533A002A4A38 /* Salud.app */;
			productType = "com.apple.product-type.application";
		};
/* End PBXNativeTarget section */

/* Begin PBXProject section */
		B743C3982B15533A002A4A38 /* Project object */ = {
			isa = PBXProject;
			attributes = {
				BuildIndependentTargetsInParallel = 1;
				LastSwiftUpdateCheck = 1430;
				LastUpgradeCheck = 1430;
				TargetAttributes = {
					B743C39F2B15533A002A4A38 = {
						CreatedOnToolsVersion = 14.3.1;
					};
				};
			};
			buildConfigurationList = B743C39B2B15533A002A4A38 /* Build configuration list for PBXProject "Salud" */;
			compatibilityVersion = "Xcode 14.0";
			developmentRegion = en;
			hasScannedForEncodings = 0;
			knownRegions = (
				en,
				Base,
			);
			mainGroup = B743C3972B15533A002A4A38;
			productRefGroup = B743C3A12B15533A002A4A38 /* Products */;
			projectDirPath = "";
			projectRoot = "";
			targets = (
				B743C39F2B15533A002A4A38 /* Salud */,
			);
		};
/* End PBXProject section */

/* Begin PBXResourcesBuildPhase section */
		B743C39E2B15533A002A4A38 /* Resources */ = {
			isa = PBXResourcesBuildPhase;
			buildActionMask = 2147483647;
			files = (
				B743C3B32B15533B002A4A38 /* LaunchScreen.storyboard in Resources */,
				B7E8F3392B1AC1EE0087740D /* GoogleService-Info.plist in Resources */,
				B743C3BF2B158E40002A4A38 /* HomeViewController.xib in Resources */,
				B71FBF062B1B9AA100547DEE /* MedicamentoInfoViewController.xib in Resources */,
				B743C3B02B15533B002A4A38 /* Assets.xcassets in Resources */,
				B71FBF002B1B918F00547DEE /* EditPerfilViewController.xib in Resources */,
				B7EAC5212B180A9A0025240F /* PerfilViewController.xib in Resources */,
				B7EAC5252B1817310025240F /* TiendaViewController.xib in Resources */,
				B743C3AB2B15533A002A4A38 /* Main.storyboard in Resources */,
				B7EAC52B2B1841C80025240F /* MyCustomCollectionViewCell.xib in Resources */,
				B7421DF62B1BAE9E00E8654C /* PagoViewController.xib in Resources */,
			);
			runOnlyForDeploymentPostprocessing = 0;
		};
/* End PBXResourcesBuildPhase section */

/* Begin PBXShellScriptBuildPhase section */
		147EA2F6CAA98E223DC9790B /* [CP] Embed Pods Frameworks */ = {
			isa = PBXShellScriptBuildPhase;
			buildActionMask = 2147483647;
			files = (
			);
			inputFileListPaths = (
				"${PODS_ROOT}/Target Support Files/Pods-Salud/Pods-Salud-frameworks-${CONFIGURATION}-input-files.xcfilelist",
			);
			name = "[CP] Embed Pods Frameworks";
			outputFileListPaths = (
				"${PODS_ROOT}/Target Support Files/Pods-Salud/Pods-Salud-frameworks-${CONFIGURATION}-output-files.xcfilelist",
			);
			runOnlyForDeploymentPostprocessing = 0;
			shellPath = /bin/sh;
			shellScript = "\"${PODS_ROOT}/Target Support Files/Pods-Salud/Pods-Salud-frameworks.sh\"\n";
			showEnvVarsInLog = 0;
		};
		5913D5F40ABF750D149A86FB /* [CP] Check Pods Manifest.lock */ = {
			isa = PBXShellScriptBuildPhase;
			buildActionMask = 2147483647;
			files = (
			);
			inputFileListPaths = (
			);
			inputPaths = (
				"${PODS_PODFILE_DIR_PATH}/Podfile.lock",
				"${PODS_ROOT}/Manifest.lock",
			);
			name = "[CP] Check Pods Manifest.lock";
			outputFileListPaths = (
			);
			outputPaths = (
				"$(DERIVED_FILE_DIR)/Pods-Salud-checkManifestLockResult.txt",
			);
			runOnlyForDeploymentPostprocessing = 0;
			shellPath = /bin/sh;
			shellScript = "diff \"${PODS_PODFILE_DIR_PATH}/Podfile.lock\" \"${PODS_ROOT}/Manifest.lock\" > /dev/null\nif [ $? != 0 ] ; then\n    # print error to STDERR\n    echo \"error: The sandbox is not in sync with the Podfile.lock. Run 'pod install' or update your CocoaPods installation.\" >&2\n    exit 1\nfi\n# This output is used by Xcode 'outputs' to avoid re-running this script phase.\necho \"SUCCESS\" > \"${SCRIPT_OUTPUT_FILE_0}\"\n";
			showEnvVarsInLog = 0;
		};
/* End PBXShellScriptBuildPhase section */

/* Begin PBXSourcesBuildPhase section */
		B743C39C2B15533A002A4A38 /* Sources */ = {
			isa = PBXSourcesBuildPhase;
			buildActionMask = 2147483647;
			files = (
				B7E8F3412B1ADA150087740D /* GetUserStruct.swift in Sources */,
				B745D6862B174BCD0001CBAE /* RegisterUserStruct.swift in Sources */,
				B743C3BD2B156A59002A4A38 /* HomeViewController.swift in Sources */,
				B71FBF0C2B1BBA2E00547DEE /* EditUserStruct.swift in Sources */,
				B743C3A82B15533A002A4A38 /* AuthViewController.swift in Sources */,
				B7EAC5232B180AD80025240F /* PerfilViewController.swift in Sources */,
				B7E8F3432B1ADA480087740D /* SuccessGetUser.swift in Sources */,
				B743C3A42B15533A002A4A38 /* AppDelegate.swift in Sources */,
				B71FBF052B1B9AA100547DEE /* MedicamentoInfoViewController.swift in Sources */,
				B743C3A62B15533A002A4A38 /* SceneDelegate.swift in Sources */,
				B745D6882B174E010001CBAE /* SuccesRegisterUser.swift in Sources */,
				B745D6812B16F8840001CBAE /* Medicamento.swift in Sources */,
				B71FBF102B1BBAF000547DEE /* SuccessUpdateUser.swift in Sources */,
				B7EAC52A2B1841C80025240F /* MyCustomCollectionViewCell.swift in Sources */,
				B71FBF022B1B943500547DEE /* EditPerfilViewController.swift in Sources */,
				B7421DF52B1BAE9E00E8654C /* PagoViewController.swift in Sources */,
				B743C3AE2B15533A002A4A38 /* Salud.xcdatamodeld in Sources */,
				B7EAC52D2B187BFD0025240F /* SuccessListMedicamento.swift in Sources */,
				B7EAC5272B1818010025240F /* TiendaViewController.swift in Sources */,
			);
			runOnlyForDeploymentPostprocessing = 0;
		};
/* End PBXSourcesBuildPhase section */

/* Begin PBXVariantGroup section */
		B743C3A92B15533A002A4A38 /* Main.storyboard */ = {
			isa = PBXVariantGroup;
			children = (
				B743C3AA2B15533A002A4A38 /* Base */,
			);
			name = Main.storyboard;
			sourceTree = "<group>";
		};
		B743C3B12B15533B002A4A38 /* LaunchScreen.storyboard */ = {
			isa = PBXVariantGroup;
			children = (
				B743C3B22B15533B002A4A38 /* Base */,
			);
			name = LaunchScreen.storyboard;
			sourceTree = "<group>";
		};
/* End PBXVariantGroup section */

/* Begin XCBuildConfiguration section */
		B743C3B52B15533B002A4A38 /* Debug */ = {
			isa = XCBuildConfiguration;
			buildSettings = {
				ALWAYS_SEARCH_USER_PATHS = NO;
				CLANG_ANALYZER_NONNULL = YES;
				CLANG_ANALYZER_NUMBER_OBJECT_CONVERSION = YES_AGGRESSIVE;
				CLANG_CXX_LANGUAGE_STANDARD = "gnu++20";
				CLANG_ENABLE_MODULES = YES;
				CLANG_ENABLE_OBJC_ARC = YES;
				CLANG_ENABLE_OBJC_WEAK = YES;
				CLANG_WARN_BLOCK_CAPTURE_AUTORELEASING = YES;
				CLANG_WARN_BOOL_CONVERSION = YES;
				CLANG_WARN_COMMA = YES;
				CLANG_WARN_CONSTANT_CONVERSION = YES;
				CLANG_WARN_DEPRECATED_OBJC_IMPLEMENTATIONS = YES;
				CLANG_WARN_DIRECT_OBJC_ISA_USAGE = YES_ERROR;
				CLANG_WARN_DOCUMENTATION_COMMENTS = YES;
				CLANG_WARN_EMPTY_BODY = YES;
				CLANG_WARN_ENUM_CONVERSION = YES;
				CLANG_WARN_INFINITE_RECURSION = YES;
				CLANG_WARN_INT_CONVERSION = YES;
				CLANG_WARN_NON_LITERAL_NULL_CONVERSION = YES;
				CLANG_WARN_OBJC_IMPLICIT_RETAIN_SELF = YES;
				CLANG_WARN_OBJC_LITERAL_CONVERSION = YES;
				CLANG_WARN_OBJC_ROOT_CLASS = YES_ERROR;
				CLANG_WARN_QUOTED_INCLUDE_IN_FRAMEWORK_HEADER = YES;
				CLANG_WARN_RANGE_LOOP_ANALYSIS = YES;
				CLANG_WARN_STRICT_PROTOTYPES = YES;
				CLANG_WARN_SUSPICIOUS_MOVE = YES;
				CLANG_WARN_UNGUARDED_AVAILABILITY = YES_AGGRESSIVE;
				CLANG_WARN_UNREACHABLE_CODE = YES;
				CLANG_WARN__DUPLICATE_METHOD_MATCH = YES;
				COPY_PHASE_STRIP = NO;
				DEBUG_INFORMATION_FORMAT = dwarf;
				ENABLE_STRICT_OBJC_MSGSEND = YES;
				ENABLE_TESTABILITY = YES;
				GCC_C_LANGUAGE_STANDARD = gnu11;
				GCC_DYNAMIC_NO_PIC = NO;
				GCC_NO_COMMON_BLOCKS = YES;
				GCC_OPTIMIZATION_LEVEL = 0;
				GCC_PREPROCESSOR_DEFINITIONS = (
					"DEBUG=1",
					"$(inherited)",
				);
				GCC_WARN_64_TO_32_BIT_CONVERSION = YES;
				GCC_WARN_ABOUT_RETURN_TYPE = YES_ERROR;
				GCC_WARN_UNDECLARED_SELECTOR = YES;
				GCC_WARN_UNINITIALIZED_AUTOS = YES_AGGRESSIVE;
				GCC_WARN_UNUSED_FUNCTION = YES;
				GCC_WARN_UNUSED_VARIABLE = YES;
				IPHONEOS_DEPLOYMENT_TARGET = 16.4;
				MTL_ENABLE_DEBUG_INFO = INCLUDE_SOURCE;
				MTL_FAST_MATH = YES;
				ONLY_ACTIVE_ARCH = YES;
				SDKROOT = iphoneos;
				SWIFT_ACTIVE_COMPILATION_CONDITIONS = DEBUG;
				SWIFT_OPTIMIZATION_LEVEL = "-Onone";
			};
			name = Debug;
		};
		B743C3B62B15533B002A4A38 /* Release */ = {
			isa = XCBuildConfiguration;
			buildSettings = {
				ALWAYS_SEARCH_USER_PATHS = NO;
				CLANG_ANALYZER_NONNULL = YES;
				CLANG_ANALYZER_NUMBER_OBJECT_CONVERSION = YES_AGGRESSIVE;
				CLANG_CXX_LANGUAGE_STANDARD = "gnu++20";
				CLANG_ENABLE_MODULES = YES;
				CLANG_ENABLE_OBJC_ARC = YES;
				CLANG_ENABLE_OBJC_WEAK = YES;
				CLANG_WARN_BLOCK_CAPTURE_AUTORELEASING = YES;
				CLANG_WARN_BOOL_CONVERSION = YES;
				CLANG_WARN_COMMA = YES;
				CLANG_WARN_CONSTANT_CONVERSION = YES;
				CLANG_WARN_DEPRECATED_OBJC_IMPLEMENTATIONS = YES;
				CLANG_WARN_DIRECT_OBJC_ISA_USAGE = YES_ERROR;
				CLANG_WARN_DOCUMENTATION_COMMENTS = YES;
				CLANG_WARN_EMPTY_BODY = YES;
				CLANG_WARN_ENUM_CONVERSION = YES;
				CLANG_WARN_INFINITE_RECURSION = YES;
				CLANG_WARN_INT_CONVERSION = YES;
				CLANG_WARN_NON_LITERAL_NULL_CONVERSION = YES;
				CLANG_WARN_OBJC_IMPLICIT_RETAIN_SELF = YES;
				CLANG_WARN_OBJC_LITERAL_CONVERSION = YES;
				CLANG_WARN_OBJC_ROOT_CLASS = YES_ERROR;
				CLANG_WARN_QUOTED_INCLUDE_IN_FRAMEWORK_HEADER = YES;
				CLANG_WARN_RANGE_LOOP_ANALYSIS = YES;
				CLANG_WARN_STRICT_PROTOTYPES = YES;
				CLANG_WARN_SUSPICIOUS_MOVE = YES;
				CLANG_WARN_UNGUARDED_AVAILABILITY = YES_AGGRESSIVE;
				CLANG_WARN_UNREACHABLE_CODE = YES;
				CLANG_WARN__DUPLICATE_METHOD_MATCH = YES;
				COPY_PHASE_STRIP = NO;
				DEBUG_INFORMATION_FORMAT = "dwarf-with-dsym";
				ENABLE_NS_ASSERTIONS = NO;
				ENABLE_STRICT_OBJC_MSGSEND = YES;
				GCC_C_LANGUAGE_STANDARD = gnu11;
				GCC_NO_COMMON_BLOCKS = YES;
				GCC_WARN_64_TO_32_BIT_CONVERSION = YES;
				GCC_WARN_ABOUT_RETURN_TYPE = YES_ERROR;
				GCC_WARN_UNDECLARED_SELECTOR = YES;
				GCC_WARN_UNINITIALIZED_AUTOS = YES_AGGRESSIVE;
				GCC_WARN_UNUSED_FUNCTION = YES;
				GCC_WARN_UNUSED_VARIABLE = YES;
				IPHONEOS_DEPLOYMENT_TARGET = 16.4;
				MTL_ENABLE_DEBUG_INFO = NO;
				MTL_FAST_MATH = YES;
				SDKROOT = iphoneos;
				SWIFT_COMPILATION_MODE = wholemodule;
				SWIFT_OPTIMIZATION_LEVEL = "-O";
				VALIDATE_PRODUCT = YES;
			};
			name = Release;
		};
		B743C3B82B15533B002A4A38 /* Debug */ = {
			isa = XCBuildConfiguration;
			baseConfigurationReference = ABDA659AA0C15E2A0DF319BE /* Pods-Salud.debug.xcconfig */;
			buildSettings = {
				ASSETCATALOG_COMPILER_APPICON_NAME = AppIcon;
				ASSETCATALOG_COMPILER_GLOBAL_ACCENT_COLOR_NAME = AccentColor;
				CODE_SIGN_STYLE = Automatic;
				CURRENT_PROJECT_VERSION = 1;
				GENERATE_INFOPLIST_FILE = YES;
				INFOPLIST_FILE = Salud/Info.plist;
				INFOPLIST_KEY_UIApplicationSupportsIndirectInputEvents = YES;
				INFOPLIST_KEY_UILaunchStoryboardName = LaunchScreen;
				INFOPLIST_KEY_UIMainStoryboardFile = Main;
				INFOPLIST_KEY_UISupportedInterfaceOrientations_iPad = "UIInterfaceOrientationPortrait UIInterfaceOrientationPortraitUpsideDown UIInterfaceOrientationLandscapeLeft UIInterfaceOrientationLandscapeRight";
				INFOPLIST_KEY_UISupportedInterfaceOrientations_iPhone = "UIInterfaceOrientationPortrait UIInterfaceOrientationLandscapeLeft UIInterfaceOrientationLandscapeRight";
				LD_RUNPATH_SEARCH_PATHS = (
					"$(inherited)",
					"@executable_path/Frameworks",
				);
				MARKETING_VERSION = 1.0;
				PRODUCT_BUNDLE_IDENTIFIER = cibertec.edu.pe.Salud;
				PRODUCT_NAME = "$(TARGET_NAME)";
				SWIFT_EMIT_LOC_STRINGS = YES;
				SWIFT_VERSION = 5.0;
				TARGETED_DEVICE_FAMILY = "1,2";
			};
			name = Debug;
		};
		B743C3B92B15533B002A4A38 /* Release */ = {
			isa = XCBuildConfiguration;
			baseConfigurationReference = AC8D4B0D09A9F23E4A53EEE4 /* Pods-Salud.release.xcconfig */;
			buildSettings = {
				ASSETCATALOG_COMPILER_APPICON_NAME = AppIcon;
				ASSETCATALOG_COMPILER_GLOBAL_ACCENT_COLOR_NAME = AccentColor;
				CODE_SIGN_STYLE = Automatic;
				CURRENT_PROJECT_VERSION = 1;
				GENERATE_INFOPLIST_FILE = YES;
				INFOPLIST_FILE = Salud/Info.plist;
				INFOPLIST_KEY_UIApplicationSupportsIndirectInputEvents = YES;
				INFOPLIST_KEY_UILaunchStoryboardName = LaunchScreen;
				INFOPLIST_KEY_UIMainStoryboardFile = Main;
				INFOPLIST_KEY_UISupportedInterfaceOrientations_iPad = "UIInterfaceOrientationPortrait UIInterfaceOrientationPortraitUpsideDown UIInterfaceOrientationLandscapeLeft UIInterfaceOrientationLandscapeRight";
				INFOPLIST_KEY_UISupportedInterfaceOrientations_iPhone = "UIInterfaceOrientationPortrait UIInterfaceOrientationLandscapeLeft UIInterfaceOrientationLandscapeRight";
				LD_RUNPATH_SEARCH_PATHS = (
					"$(inherited)",
					"@executable_path/Frameworks",
				);
				MARKETING_VERSION = 1.0;
				PRODUCT_BUNDLE_IDENTIFIER = cibertec.edu.pe.Salud;
				PRODUCT_NAME = "$(TARGET_NAME)";
				SWIFT_EMIT_LOC_STRINGS = YES;
				SWIFT_VERSION = 5.0;
				TARGETED_DEVICE_FAMILY = "1,2";
			};
			name = Release;
		};
/* End XCBuildConfiguration section */

/* Begin XCConfigurationList section */
		B743C39B2B15533A002A4A38 /* Build configuration list for PBXProject "Salud" */ = {
			isa = XCConfigurationList;
			buildConfigurations = (
				B743C3B52B15533B002A4A38 /* Debug */,
				B743C3B62B15533B002A4A38 /* Release */,
			);
			defaultConfigurationIsVisible = 0;
			defaultConfigurationName = Release;
		};
		B743C3B72B15533B002A4A38 /* Build configuration list for PBXNativeTarget "Salud" */ = {
			isa = XCConfigurationList;
			buildConfigurations = (
				B743C3B82B15533B002A4A38 /* Debug */,
				B743C3B92B15533B002A4A38 /* Release */,
			);
			defaultConfigurationIsVisible = 0;
			defaultConfigurationName = Release;
		};
/* End XCConfigurationList section */

/* Begin XCVersionGroup section */
		B743C3AC2B15533A002A4A38 /* Salud.xcdatamodeld */ = {
			isa = XCVersionGroup;
			children = (
				B743C3AD2B15533A002A4A38 /* Salud.xcdatamodel */,
			);
			currentVersion = B743C3AD2B15533A002A4A38 /* Salud.xcdatamodel */;
			path = Salud.xcdatamodeld;
			sourceTree = "<group>";
			versionGroupType = wrapper.xcdatamodel;
		};
/* End XCVersionGroup section */
	};
	rootObject = B743C3982B15533A002A4A38 /* Project object */;
}
